
Microsoft Visual Studio Solution File, Format Version 12.00
# Visual Studio Version 16
VisualStudioVersion = 16.0.31515.178
MinimumVisualStudioVersion = 10.0.40219.1
Project("{FAE04EC0-301F-11D3-BF4B-00C04F79EFBC}") = "plublishgit", "plublishgit\plublishgit.csproj", "{AA9BF878-58E4-40BE-934A-A7B92ADB6558}"
EndProject
Global
	GlobalSection(SolutionConfigurationPlatforms) = preSolution
		Debug|Any CPU = Debug|Any CPU
		Release|Any CPU = Release|Any CPU
	EndGlobalSection
	GlobalSection(ProjectConfigurationPlatforms) = postSolution
		{AA9BF878-58E4-40BE-934A-A7B92ADB6558}.Debug|Any CPU.ActiveCfg = Debug|Any CPU
		{AA9BF878-58E4-40BE-934A-A7B92ADB6558}.Debug|Any CPU.Build.0 = Debug|Any CPU
		{AA9BF878-58E4-40BE-934A-A7B92ADB6558}.Release|Any CPU.ActiveCfg = Release|Any CPU
		{AA9BF878-58E4-40BE-934A-A7B92ADB6558}.Release|Any CPU.Build.0 = Release|Any CPU
	EndGlobalSection
	GlobalSection(SolutionProperties) = preSolution
		HideSolutionNode = FALSE
	EndGlobalSection
	GlobalSection(ExtensibilityGlobals) = postSolution
		SolutionGuid = {E76B2A5A-354D-4F7E-8746-262B93DCC7FE}
	EndGlobalSection
EndGlobal
